// !$*UTF8*$!
{
	archiveVersion = 1;
	classes = {
	};
	objectVersion = 50;
	objects = {

/* Begin PBXBuildFile section */
		F85B97CB24A5985C00E09244 /* Tests_iOS.swift in Sources */ = {isa = PBXBuildFile; fileRef = F85B97CA24A5985C00E09244 /* Tests_iOS.swift */; };
		F85B97D824A5985D00E09244 /* AppClipExampleApp.swift in Sources */ = {isa = PBXBuildFile; fileRef = F85B97AF24A5985C00E09244 /* AppClipExampleApp.swift */; };
		F85B97DA24A5985D00E09244 /* ContentView.swift in Sources */ = {isa = PBXBuildFile; fileRef = F85B97B024A5985C00E09244 /* ContentView.swift */; };
		F85B97DC24A5985D00E09244 /* Assets.xcassets in Resources */ = {isa = PBXBuildFile; fileRef = F85B97B124A5985C00E09244 /* Assets.xcassets */; };
		F85B97F324A59AF600E09244 /* AppClipApp.swift in Sources */ = {isa = PBXBuildFile; fileRef = F85B97F224A59AF600E09244 /* AppClipApp.swift */; };
		F85B97F524A59AF600E09244 /* ContentView.swift in Sources */ = {isa = PBXBuildFile; fileRef = F85B97F424A59AF600E09244 /* ContentView.swift */; };
		F85B97F724A59AF700E09244 /* Assets.xcassets in Resources */ = {isa = PBXBuildFile; fileRef = F85B97F624A59AF700E09244 /* Assets.xcassets */; };
		F85B97FA24A59AF700E09244 /* Preview Assets.xcassets in Resources */ = {isa = PBXBuildFile; fileRef = F85B97F924A59AF700E09244 /* Preview Assets.xcassets */; };
		F85B980624A59AF700E09244 /* AppClipTests.swift in Sources */ = {isa = PBXBuildFile; fileRef = F85B980524A59AF700E09244 /* AppClipTests.swift */; };
		F85B981124A59AF700E09244 /* AppClipUITests.swift in Sources */ = {isa = PBXBuildFile; fileRef = F85B981024A59AF700E09244 /* AppClipUITests.swift */; };
		F85B981524A59AF700E09244 /* AppClip.app in Embed App Clips */ = {isa = PBXBuildFile; fileRef = F85B97F024A59AF600E09244 /* AppClip.app */; settings = {ATTRIBUTES = (RemoveHeadersOnCopy, ); }; };
/* End PBXBuildFile section */

/* Begin PBXContainerItemProxy section */
		F85B97C724A5985C00E09244 /* PBXContainerItemProxy */ = {
			isa = PBXContainerItemProxy;
			containerPortal = F85B97AA24A5985C00E09244 /* Project object */;
			proxyType = 1;
			remoteGlobalIDString = F85B97B524A5985C00E09244;
			remoteInfo = iOS;
		};
		F85B980224A59AF700E09244 /* PBXContainerItemProxy */ = {
			isa = PBXContainerItemProxy;
			containerPortal = F85B97AA24A5985C00E09244 /* Project object */;
			proxyType = 1;
			remoteGlobalIDString = F85B97EF24A59AF600E09244;
			remoteInfo = AppClip;
		};
		F85B980D24A59AF700E09244 /* PBXContainerItemProxy */ = {
			isa = PBXContainerItemProxy;
			containerPortal = F85B97AA24A5985C00E09244 /* Project object */;
			proxyType = 1;
			remoteGlobalIDString = F85B97EF24A59AF600E09244;
			remoteInfo = AppClip;
		};
		F85B981324A59AF700E09244 /* PBXContainerItemProxy */ = {
			isa = PBXContainerItemProxy;
			containerPortal = F85B97AA24A5985C00E09244 /* Project object */;
			proxyType = 1;
			remoteGlobalIDString = F85B97EF24A59AF600E09244;
			remoteInfo = AppClip;
		};
/* End PBXContainerItemProxy section */

/* Begin PBXCopyFilesBuildPhase section */
		F85B981924A59AF700E09244 /* Embed App Clips */ = {
			isa = PBXCopyFilesBuildPhase;
			buildActionMask = 2147483647;
			dstPath = "$(CONTENTS_FOLDER_PATH)/AppClips";
			dstSubfolderSpec = 16;
			files = (
				F85B981524A59AF700E09244 /* AppClip.app in Embed App Clips */,
			);
			name = "Embed App Clips";
			runOnlyForDeploymentPostprocessing = 0;
		};
/* End PBXCopyFilesBuildPhase section */

/* Begin PBXFileReference section */
		F85B97AF24A5985C00E09244 /* AppClipExampleApp.swift */ = {isa = PBXFileReference; lastKnownFileType = sourcecode.swift; path = AppClipExampleApp.swift; sourceTree = "<group>"; };
		F85B97B024A5985C00E09244 /* ContentView.swift */ = {isa = PBXFileReference; lastKnownFileType = sourcecode.swift; path = ContentView.swift; sourceTree = "<group>"; };
		F85B97B124A5985C00E09244 /* Assets.xcassets */ = {isa = PBXFileReference; lastKnownFileType = folder.assetcatalog; path = Assets.xcassets; sourceTree = "<group>"; };
		F85B97B624A5985C00E09244 /* AppClipExample.app */ = {isa = PBXFileReference; explicitFileType = wrapper.application; includeInIndex = 0; path = AppClipExample.app; sourceTree = BUILT_PRODUCTS_DIR; };
		F85B97B924A5985C00E09244 /* Info.plist */ = {isa = PBXFileReference; lastKnownFileType = text.plist.xml; path = Info.plist; sourceTree = "<group>"; };
		F85B97C624A5985C00E09244 /* Tests iOS.xctest */ = {isa = PBXFileReference; explicitFileType = wrapper.cfbundle; includeInIndex = 0; path = "Tests iOS.xctest"; sourceTree = BUILT_PRODUCTS_DIR; };
		F85B97CA24A5985C00E09244 /* Tests_iOS.swift */ = {isa = PBXFileReference; lastKnownFileType = sourcecode.swift; path = Tests_iOS.swift; sourceTree = "<group>"; };
		F85B97CC24A5985C00E09244 /* Info.plist */ = {isa = PBXFileReference; lastKnownFileType = text.plist.xml; path = Info.plist; sourceTree = "<group>"; };
		F85B97F024A59AF600E09244 /* AppClip.app */ = {isa = PBXFileReference; explicitFileType = wrapper.application; includeInIndex = 0; path = AppClip.app; sourceTree = BUILT_PRODUCTS_DIR; };
		F85B97F224A59AF600E09244 /* AppClipApp.swift */ = {isa = PBXFileReference; lastKnownFileType = sourcecode.swift; path = AppClipApp.swift; sourceTree = "<group>"; };
		F85B97F424A59AF600E09244 /* ContentView.swift */ = {isa = PBXFileReference; lastKnownFileType = sourcecode.swift; path = ContentView.swift; sourceTree = "<group>"; };
		F85B97F624A59AF700E09244 /* Assets.xcassets */ = {isa = PBXFileReference; lastKnownFileType = folder.assetcatalog; path = Assets.xcassets; sourceTree = "<group>"; };
		F85B97F924A59AF700E09244 /* Preview Assets.xcassets */ = {isa = PBXFileReference; lastKnownFileType = folder.assetcatalog; path = "Preview Assets.xcassets"; sourceTree = "<group>"; };
		F85B97FB24A59AF700E09244 /* Info.plist */ = {isa = PBXFileReference; lastKnownFileType = text.plist.xml; path = Info.plist; sourceTree = "<group>"; };
		F85B97FC24A59AF700E09244 /* AppClip.entitlements */ = {isa = PBXFileReference; lastKnownFileType = text.plist.entitlements; path = AppClip.entitlements; sourceTree = "<group>"; };
		F85B980124A59AF700E09244 /* AppClipTests.xctest */ = {isa = PBXFileReference; explicitFileType = wrapper.cfbundle; includeInIndex = 0; path = AppClipTests.xctest; sourceTree = BUILT_PRODUCTS_DIR; };
		F85B980524A59AF700E09244 /* AppClipTests.swift */ = {isa = PBXFileReference; lastKnownFileType = sourcecode.swift; path = AppClipTests.swift; sourceTree = "<group>"; };
		F85B980724A59AF700E09244 /* Info.plist */ = {isa = PBXFileReference; lastKnownFileType = text.plist.xml; path = Info.plist; sourceTree = "<group>"; };
		F85B980C24A59AF700E09244 /* AppClipUITests.xctest */ = {isa = PBXFileReference; explicitFileType = wrapper.cfbundle; includeInIndex = 0; path = AppClipUITests.xctest; sourceTree = BUILT_PRODUCTS_DIR; };
		F85B981024A59AF700E09244 /* AppClipUITests.swift */ = {isa = PBXFileReference; lastKnownFileType = sourcecode.swift; path = AppClipUITests.swift; sourceTree = "<group>"; };
		F85B981224A59AF700E09244 /* Info.plist */ = {isa = PBXFileReference; lastKnownFileType = text.plist.xml; path = Info.plist; sourceTree = "<group>"; };
/* End PBXFileReference section */

/* Begin PBXFrameworksBuildPhase section */
		F85B97B324A5985C00E09244 /* Frameworks */ = {
			isa = PBXFrameworksBuildPhase;
			buildActionMask = 2147483647;
			files = (
			);
			runOnlyForDeploymentPostprocessing = 0;
		};
		F85B97C324A5985C00E09244 /* Frameworks */ = {
			isa = PBXFrameworksBuildPhase;
			buildActionMask = 2147483647;
			files = (
			);
			runOnlyForDeploymentPostprocessing = 0;
		};
		F85B97ED24A59AF600E09244 /* Frameworks */ = {
			isa = PBXFrameworksBuildPhase;
			buildActionMask = 2147483647;
			files = (
			);
			runOnlyForDeploymentPostprocessing = 0;
		};
		F85B97FE24A59AF700E09244 /* Frameworks */ = {
			isa = PBXFrameworksBuildPhase;
			buildActionMask = 2147483647;
			files = (
			);
			runOnlyForDeploymentPostprocessing = 0;
		};
		F85B980924A59AF700E09244 /* Frameworks */ = {
			isa = PBXFrameworksBuildPhase;
			buildActionMask = 2147483647;
			files = (
			);
			runOnlyForDeploymentPostprocessing = 0;
		};
/* End PBXFrameworksBuildPhase section */

/* Begin PBXGroup section */
		F85B97A924A5985C00E09244 = {
			isa = PBXGroup;
			children = (
				F85B97AE24A5985C00E09244 /* Shared */,
				F85B97B824A5985C00E09244 /* iOS */,
				F85B97C924A5985C00E09244 /* Tests iOS */,
				F85B97F124A59AF600E09244 /* AppClip */,
				F85B980424A59AF700E09244 /* AppClipTests */,
				F85B980F24A59AF700E09244 /* AppClipUITests */,
				F85B97B724A5985C00E09244 /* Products */,
			);
			sourceTree = "<group>";
		};
		F85B97AE24A5985C00E09244 /* Shared */ = {
			isa = PBXGroup;
			children = (
				F85B97AF24A5985C00E09244 /* AppClipExampleApp.swift */,
				F85B97B024A5985C00E09244 /* ContentView.swift */,
				F85B97B124A5985C00E09244 /* Assets.xcassets */,
			);
			path = Shared;
			sourceTree = "<group>";
		};
		F85B97B724A5985C00E09244 /* Products */ = {
			isa = PBXGroup;
			children = (
				F85B97B624A5985C00E09244 /* AppClipExample.app */,
				F85B97C624A5985C00E09244 /* Tests iOS.xctest */,
				F85B97F024A59AF600E09244 /* AppClip.app */,
				F85B980124A59AF700E09244 /* AppClipTests.xctest */,
				F85B980C24A59AF700E09244 /* AppClipUITests.xctest */,
			);
			name = Products;
			sourceTree = "<group>";
		};
		F85B97B824A5985C00E09244 /* iOS */ = {
			isa = PBXGroup;
			children = (
				F85B97B924A5985C00E09244 /* Info.plist */,
			);
			path = iOS;
			sourceTree = "<group>";
		};
		F85B97C924A5985C00E09244 /* Tests iOS */ = {
			isa = PBXGroup;
			children = (
				F85B97CA24A5985C00E09244 /* Tests_iOS.swift */,
				F85B97CC24A5985C00E09244 /* Info.plist */,
			);
			path = "Tests iOS";
			sourceTree = "<group>";
		};
		F85B97F124A59AF600E09244 /* AppClip */ = {
			isa = PBXGroup;
			children = (
				F85B97F224A59AF600E09244 /* AppClipApp.swift */,
				F85B97F424A59AF600E09244 /* ContentView.swift */,
				F85B97F624A59AF700E09244 /* Assets.xcassets */,
				F85B97FB24A59AF700E09244 /* Info.plist */,
				F85B97FC24A59AF700E09244 /* AppClip.entitlements */,
				F85B97F824A59AF700E09244 /* Preview Content */,
			);
			path = AppClip;
			sourceTree = "<group>";
		};
		F85B97F824A59AF700E09244 /* Preview Content */ = {
			isa = PBXGroup;
			children = (
				F85B97F924A59AF700E09244 /* Preview Assets.xcassets */,
			);
			path = "Preview Content";
			sourceTree = "<group>";
		};
		F85B980424A59AF700E09244 /* AppClipTests */ = {
			isa = PBXGroup;
			children = (
				F85B980524A59AF700E09244 /* AppClipTests.swift */,
				F85B980724A59AF700E09244 /* Info.plist */,
			);
			path = AppClipTests;
			sourceTree = "<group>";
		};
		F85B980F24A59AF700E09244 /* AppClipUITests */ = {
			isa = PBXGroup;
			children = (
				F85B981024A59AF700E09244 /* AppClipUITests.swift */,
				F85B981224A59AF700E09244 /* Info.plist */,
			);
			path = AppClipUITests;
			sourceTree = "<group>";
		};
/* End PBXGroup section */

/* Begin PBXNativeTarget section */
		F85B97B524A5985C00E09244 /* iOS */ = {
			isa = PBXNativeTarget;
			buildConfigurationList = F85B97E024A5985D00E09244 /* Build configuration list for PBXNativeTarget "iOS" */;
			buildPhases = (
				F85B97B224A5985C00E09244 /* Sources */,
				F85B97B324A5985C00E09244 /* Frameworks */,
				F85B97B424A5985C00E09244 /* Resources */,
				F85B981924A59AF700E09244 /* Embed App Clips */,
			);
			buildRules = (
			);
			dependencies = (
				F85B981424A59AF700E09244 /* PBXTargetDependency */,
			);
			name = iOS;
			productName = iOS;
			productReference = F85B97B624A5985C00E09244 /* AppClipExample.app */;
			productType = "com.apple.product-type.application";
		};
		F85B97C524A5985C00E09244 /* Tests iOS */ = {
			isa = PBXNativeTarget;
			buildConfigurationList = F85B97E624A5985D00E09244 /* Build configuration list for PBXNativeTarget "Tests iOS" */;
			buildPhases = (
				F85B97C224A5985C00E09244 /* Sources */,
				F85B97C324A5985C00E09244 /* Frameworks */,
				F85B97C424A5985C00E09244 /* Resources */,
			);
			buildRules = (
			);
			dependencies = (
				F85B97C824A5985C00E09244 /* PBXTargetDependency */,
			);
			name = "Tests iOS";
			productName = "Tests iOS";
			productReference = F85B97C624A5985C00E09244 /* Tests iOS.xctest */;
			productType = "com.apple.product-type.bundle.ui-testing";
		};
		F85B97EF24A59AF600E09244 /* AppClip */ = {
			isa = PBXNativeTarget;
			buildConfigurationList = F85B981624A59AF700E09244 /* Build configuration list for PBXNativeTarget "AppClip" */;
			buildPhases = (
				F85B97EC24A59AF600E09244 /* Sources */,
				F85B97ED24A59AF600E09244 /* Frameworks */,
				F85B97EE24A59AF600E09244 /* Resources */,
			);
			buildRules = (
			);
			dependencies = (
			);
			name = AppClip;
			productName = AppClip;
			productReference = F85B97F024A59AF600E09244 /* AppClip.app */;
			productType = "com.apple.product-type.application.on-demand-install-capable";
		};
		F85B980024A59AF700E09244 /* AppClipTests */ = {
			isa = PBXNativeTarget;
			buildConfigurationList = F85B981A24A59AF700E09244 /* Build configuration list for PBXNativeTarget "AppClipTests" */;
			buildPhases = (
				F85B97FD24A59AF700E09244 /* Sources */,
				F85B97FE24A59AF700E09244 /* Frameworks */,
				F85B97FF24A59AF700E09244 /* Resources */,
			);
			buildRules = (
			);
			dependencies = (
				F85B980324A59AF700E09244 /* PBXTargetDependency */,
			);
			name = AppClipTests;
			productName = AppClipTests;
			productReference = F85B980124A59AF700E09244 /* AppClipTests.xctest */;
			productType = "com.apple.product-type.bundle.unit-test";
		};
		F85B980B24A59AF700E09244 /* AppClipUITests */ = {
			isa = PBXNativeTarget;
			buildConfigurationList = F85B981D24A59AF700E09244 /* Build configuration list for PBXNativeTarget "AppClipUITests" */;
			buildPhases = (
				F85B980824A59AF700E09244 /* Sources */,
				F85B980924A59AF700E09244 /* Frameworks */,
				F85B980A24A59AF700E09244 /* Resources */,
			);
			buildRules = (
			);
			dependencies = (
				F85B980E24A59AF700E09244 /* PBXTargetDependency */,
			);
			name = AppClipUITests;
			productName = AppClipUITests;
			productReference = F85B980C24A59AF700E09244 /* AppClipUITests.xctest */;
			productType = "com.apple.product-type.bundle.ui-testing";
		};
/* End PBXNativeTarget section */

/* Begin PBXProject section */
		F85B97AA24A5985C00E09244 /* Project object */ = {
			isa = PBXProject;
			attributes = {
				LastSwiftUpdateCheck = 1200;
				LastUpgradeCheck = 1200;
				TargetAttributes = {
					F85B97B524A5985C00E09244 = {
						CreatedOnToolsVersion = 12.0;
					};
					F85B97C524A5985C00E09244 = {
						CreatedOnToolsVersion = 12.0;
						TestTargetID = F85B97B524A5985C00E09244;
					};
					F85B97EF24A59AF600E09244 = {
						CreatedOnToolsVersion = 12.0;
					};
					F85B980024A59AF700E09244 = {
						CreatedOnToolsVersion = 12.0;
						TestTargetID = F85B97EF24A59AF600E09244;
					};
					F85B980B24A59AF700E09244 = {
						CreatedOnToolsVersion = 12.0;
						TestTargetID = F85B97EF24A59AF600E09244;
					};
				};
			};
			buildConfigurationList = F85B97AD24A5985C00E09244 /* Build configuration list for PBXProject "AppClipExample" */;
			compatibilityVersion = "Xcode 9.3";
			developmentRegion = en;
			hasScannedForEncodings = 0;
			knownRegions = (
				en,
				Base,
			);
			mainGroup = F85B97A924A5985C00E09244;
			productRefGroup = F85B97B724A5985C00E09244 /* Products */;
			projectDirPath = "";
			projectRoot = "";
			targets = (
				F85B97B524A5985C00E09244 /* iOS */,
				F85B97C524A5985C00E09244 /* Tests iOS */,
				F85B97EF24A59AF600E09244 /* AppClip */,
				F85B980024A59AF700E09244 /* AppClipTests */,
				F85B980B24A59AF700E09244 /* AppClipUITests */,
			);
		};
/* End PBXProject section */

/* Begin PBXResourcesBuildPhase section */
		F85B97B424A5985C00E09244 /* Resources */ = {
			isa = PBXResourcesBuildPhase;
			buildActionMask = 2147483647;
			files = (
				F85B97DC24A5985D00E09244 /* Assets.xcassets in Resources */,
			);
			runOnlyForDeploymentPostprocessing = 0;
		};
		F85B97C424A5985C00E09244 /* Resources */ = {
			isa = PBXResourcesBuildPhase;
			buildActionMask = 2147483647;
			files = (
			);
			runOnlyForDeploymentPostprocessing = 0;
		};
		F85B97EE24A59AF600E09244 /* Resources */ = {
			isa = PBXResourcesBuildPhase;
			buildActionMask = 2147483647;
			files = (
				F85B97FA24A59AF700E09244 /* Preview Assets.xcassets in Resources */,
				F85B97F724A59AF700E09244 /* Assets.xcassets in Resources */,
			);
			runOnlyForDeploymentPostprocessing = 0;
		};
		F85B97FF24A59AF700E09244 /* Resources */ = {
			isa = PBXResourcesBuildPhase;
			buildActionMask = 2147483647;
			files = (
			);
			runOnlyForDeploymentPostprocessing = 0;
		};
		F85B980A24A59AF700E09244 /* Resources */ = {
			isa = PBXResourcesBuildPhase;
			buildActionMask = 2147483647;
			files = (
			);
			runOnlyForDeploymentPostprocessing = 0;
		};
/* End PBXResourcesBuildPhase section */

/* Begin PBXSourcesBuildPhase section */
		F85B97B224A5985C00E09244 /* Sources */ = {
			isa = PBXSourcesBuildPhase;
			buildActionMask = 2147483647;
			files = (
				F85B97DA24A5985D00E09244 /* ContentView.swift in Sources */,
				F85B97D824A5985D00E09244 /* AppClipExampleApp.swift in Sources */,
			);
			runOnlyForDeploymentPostprocessing = 0;
		};
		F85B97C224A5985C00E09244 /* Sources */ = {
			isa = PBXSourcesBuildPhase;
			buildActionMask = 2147483647;
			files = (
				F85B97CB24A5985C00E09244 /* Tests_iOS.swift in Sources */,
			);
			runOnlyForDeploymentPostprocessing = 0;
		};
		F85B97EC24A59AF600E09244 /* Sources */ = {
			isa = PBXSourcesBuildPhase;
			buildActionMask = 2147483647;
			files = (
				F85B97F524A59AF600E09244 /* ContentView.swift in Sources */,
				F85B97F324A59AF600E09244 /* AppClipApp.swift in Sources */,
			);
			runOnlyForDeploymentPostprocessing = 0;
		};
		F85B97FD24A59AF700E09244 /* Sources */ = {
			isa = PBXSourcesBuildPhase;
			buildActionMask = 2147483647;
			files = (
				F85B980624A59AF700E09244 /* AppClipTests.swift in Sources */,
			);
			runOnlyForDeploymentPostprocessing = 0;
		};
		F85B980824A59AF700E09244 /* Sources */ = {
			isa = PBXSourcesBuildPhase;
			buildActionMask = 2147483647;
			files = (
				F85B981124A59AF700E09244 /* AppClipUITests.swift in Sources */,
			);
			runOnlyForDeploymentPostprocessing = 0;
		};
/* End PBXSourcesBuildPhase section */

/* Begin PBXTargetDependency section */
		F85B97C824A5985C00E09244 /* PBXTargetDependency */ = {
			isa = PBXTargetDependency;
			target = F85B97B524A5985C00E09244 /* iOS */;
			targetProxy = F85B97C724A5985C00E09244 /* PBXContainerItemProxy */;
		};
		F85B980324A59AF700E09244 /* PBXTargetDependency */ = {
			isa = PBXTargetDependency;
			target = F85B97EF24A59AF600E09244 /* AppClip */;
			targetProxy = F85B980224A59AF700E09244 /* PBXContainerItemProxy */;
		};
		F85B980E24A59AF700E09244 /* PBXTargetDependency */ = {
			isa = PBXTargetDependency;
			target = F85B97EF24A59AF600E09244 /* AppClip */;
			targetProxy = F85B980D24A59AF700E09244 /* PBXContainerItemProxy */;
		};
		F85B981424A59AF700E09244 /* PBXTargetDependency */ = {
			isa = PBXTargetDependency;
			target = F85B97EF24A59AF600E09244 /* AppClip */;
			targetProxy = F85B981324A59AF700E09244 /* PBXContainerItemProxy */;
		};
/* End PBXTargetDependency section */

/* Begin XCBuildConfiguration section */
		F85B97DE24A5985D00E09244 /* Debug */ = {
			isa = XCBuildConfiguration;
			buildSettings = {
				ALWAYS_SEARCH_USER_PATHS = NO;
				CLANG_ANALYZER_NONNULL = YES;
				CLANG_ANALYZER_NUMBER_OBJECT_CONVERSION = YES_AGGRESSIVE;
				CLANG_CXX_LANGUAGE_STANDARD = "gnu++14";
				CLANG_CXX_LIBRARY = "libc++";
				CLANG_ENABLE_MODULES = YES;
				CLANG_ENABLE_OBJC_ARC = YES;
				CLANG_ENABLE_OBJC_WEAK = YES;
				CLANG_WARN_BLOCK_CAPTURE_AUTORELEASING = YES;
				CLANG_WARN_BOOL_CONVERSION = YES;
				CLANG_WARN_COMMA = YES;
				CLANG_WARN_CONSTANT_CONVERSION = YES;
				CLANG_WARN_DEPRECATED_OBJC_IMPLEMENTATIONS = YES;
				CLANG_WARN_DIRECT_OBJC_ISA_USAGE = YES_ERROR;
				CLANG_WARN_DOCUMENTATION_COMMENTS = YES;
				CLANG_WARN_EMPTY_BODY = YES;
				CLANG_WARN_ENUM_CONVERSION = YES;
				CLANG_WARN_INFINITE_RECURSION = YES;
				CLANG_WARN_INT_CONVERSION = YES;
				CLANG_WARN_NON_LITERAL_NULL_CONVERSION = YES;
				CLANG_WARN_OBJC_IMPLICIT_RETAIN_SELF = YES;
				CLANG_WARN_OBJC_LITERAL_CONVERSION = YES;
				CLANG_WARN_OBJC_ROOT_CLASS = YES_ERROR;
				CLANG_WARN_QUOTED_INCLUDE_IN_FRAMEWORK_HEADER = YES;
				CLANG_WARN_RANGE_LOOP_ANALYSIS = YES;
				CLANG_WARN_STRICT_PROTOTYPES = YES;
				CLANG_WARN_SUSPICIOUS_MOVE = YES;
				CLANG_WARN_UNGUARDED_AVAILABILITY = YES_AGGRESSIVE;
				CLANG_WARN_UNREACHABLE_CODE = YES;
				CLANG_WARN__DUPLICATE_METHOD_MATCH = YES;
				COPY_PHASE_STRIP = NO;
				DEBUG_INFORMATION_FORMAT = dwarf;
				ENABLE_STRICT_OBJC_MSGSEND = YES;
				ENABLE_TESTABILITY = YES;
				GCC_C_LANGUAGE_STANDARD = gnu11;
				GCC_DYNAMIC_NO_PIC = NO;
				GCC_NO_COMMON_BLOCKS = YES;
				GCC_OPTIMIZATION_LEVEL = 0;
				GCC_PREPROCESSOR_DEFINITIONS = (
					"DEBUG=1",
					"$(inherited)",
				);
				GCC_WARN_64_TO_32_BIT_CONVERSION = YES;
				GCC_WARN_ABOUT_RETURN_TYPE = YES_ERROR;
				GCC_WARN_UNDECLARED_SELECTOR = YES;
				GCC_WARN_UNINITIALIZED_AUTOS = YES_AGGRESSIVE;
				GCC_WARN_UNUSED_FUNCTION = YES;
				GCC_WARN_UNUSED_VARIABLE = YES;
				MTL_ENABLE_DEBUG_INFO = INCLUDE_SOURCE;
				MTL_FAST_MATH = YES;
				ONLY_ACTIVE_ARCH = YES;
				SWIFT_ACTIVE_COMPILATION_CONDITIONS = DEBUG;
				SWIFT_OPTIMIZATION_LEVEL = "-Onone";
			};
			name = Debug;
		};
		F85B97DF24A5985D00E09244 /* Release */ = {
			isa = XCBuildConfiguration;
			buildSettings = {
				ALWAYS_SEARCH_USER_PATHS = NO;
				CLANG_ANALYZER_NONNULL = YES;
				CLANG_ANALYZER_NUMBER_OBJECT_CONVERSION = YES_AGGRESSIVE;
				CLANG_CXX_LANGUAGE_STANDARD = "gnu++14";
				CLANG_CXX_LIBRARY = "libc++";
				CLANG_ENABLE_MODULES = YES;
				CLANG_ENABLE_OBJC_ARC = YES;
				CLANG_ENABLE_OBJC_WEAK = YES;
				CLANG_WARN_BLOCK_CAPTURE_AUTORELEASING = YES;
				CLANG_WARN_BOOL_CONVERSION = YES;
				CLANG_WARN_COMMA = YES;
				CLANG_WARN_CONSTANT_CONVERSION = YES;
				CLANG_WARN_DEPRECATED_OBJC_IMPLEMENTATIONS = YES;
				CLANG_WARN_DIRECT_OBJC_ISA_USAGE = YES_ERROR;
				CLANG_WARN_DOCUMENTATION_COMMENTS = YES;
				CLANG_WARN_EMPTY_BODY = YES;
				CLANG_WARN_ENUM_CONVERSION = YES;
				CLANG_WARN_INFINITE_RECURSION = YES;
				CLANG_WARN_INT_CONVERSION = YES;
				CLANG_WARN_NON_LITERAL_NULL_CONVERSION = YES;
				CLANG_WARN_OBJC_IMPLICIT_RETAIN_SELF = YES;
				CLANG_WARN_OBJC_LITERAL_CONVERSION = YES;
				CLANG_WARN_OBJC_ROOT_CLASS = YES_ERROR;
				CLANG_WARN_QUOTED_INCLUDE_IN_FRAMEWORK_HEADER = YES;
				CLANG_WARN_RANGE_LOOP_ANALYSIS = YES;
				CLANG_WARN_STRICT_PROTOTYPES = YES;
				CLANG_WARN_SUSPICIOUS_MOVE = YES;
				CLANG_WARN_UNGUARDED_AVAILABILITY = YES_AGGRESSIVE;
				CLANG_WARN_UNREACHABLE_CODE = YES;
				CLANG_WARN__DUPLICATE_METHOD_MATCH = YES;
				COPY_PHASE_STRIP = NO;
				DEBUG_INFORMATION_FORMAT = "dwarf-with-dsym";
				ENABLE_NS_ASSERTIONS = NO;
				ENABLE_STRICT_OBJC_MSGSEND = YES;
				GCC_C_LANGUAGE_STANDARD = gnu11;
				GCC_NO_COMMON_BLOCKS = YES;
				GCC_WARN_64_TO_32_BIT_CONVERSION = YES;
				GCC_WARN_ABOUT_RETURN_TYPE = YES_ERROR;
				GCC_WARN_UNDECLARED_SELECTOR = YES;
				GCC_WARN_UNINITIALIZED_AUTOS = YES_AGGRESSIVE;
				GCC_WARN_UNUSED_FUNCTION = YES;
				GCC_WARN_UNUSED_VARIABLE = YES;
				MTL_ENABLE_DEBUG_INFO = NO;
				MTL_FAST_MATH = YES;
				SWIFT_COMPILATION_MODE = wholemodule;
				SWIFT_OPTIMIZATION_LEVEL = "-O";
			};
			name = Release;
		};
		F85B97E124A5985D00E09244 /* Debug */ = {
			isa = XCBuildConfiguration;
			buildSettings = {
				ALWAYS_EMBED_SWIFT_STANDARD_LIBRARIES = YES;
				ASSETCATALOG_COMPILER_APPICON_NAME = AppIcon;
				ASSETCATALOG_COMPILER_GLOBAL_ACCENT_COLOR_NAME = AccentColor;
				CODE_SIGN_STYLE = Automatic;
				DEVELOPMENT_TEAM = MTGSZH8QM4;
				ENABLE_PREVIEWS = YES;
				INFOPLIST_FILE = iOS/Info.plist;
				IPHONEOS_DEPLOYMENT_TARGET = 14.0;
				LD_RUNPATH_SEARCH_PATHS = (
					"$(inherited)",
					"@executable_path/Frameworks",
				);
				PRODUCT_BUNDLE_IDENTIFIER = at.phatbl.AppClipExample;
				PRODUCT_NAME = AppClipExample;
				SDKROOT = iphoneos;
				SWIFT_VERSION = 5.0;
				TARGETED_DEVICE_FAMILY = "1,2";
			};
			name = Debug;
		};
		F85B97E224A5985D00E09244 /* Release */ = {
			isa = XCBuildConfiguration;
			buildSettings = {
				ALWAYS_EMBED_SWIFT_STANDARD_LIBRARIES = YES;
				ASSETCATALOG_COMPILER_APPICON_NAME = AppIcon;
				ASSETCATALOG_COMPILER_GLOBAL_ACCENT_COLOR_NAME = AccentColor;
				CODE_SIGN_STYLE = Automatic;
				DEVELOPMENT_TEAM = MTGSZH8QM4;
				ENABLE_PREVIEWS = YES;
				INFOPLIST_FILE = iOS/Info.plist;
				IPHONEOS_DEPLOYMENT_TARGET = 14.0;
				LD_RUNPATH_SEARCH_PATHS = (
					"$(inherited)",
					"@executable_path/Frameworks",
				);
				PRODUCT_BUNDLE_IDENTIFIER = at.phatbl.AppClipExample;
				PRODUCT_NAME = AppClipExample;
				SDKROOT = iphoneos;
				SWIFT_VERSION = 5.0;
				TARGETED_DEVICE_FAMILY = "1,2";
				VALIDATE_PRODUCT = YES;
			};
			name = Release;
		};
		F85B97E724A5985D00E09244 /* Debug */ = {
			isa = XCBuildConfiguration;
			buildSettings = {
				ALWAYS_EMBED_SWIFT_STANDARD_LIBRARIES = YES;
				CODE_SIGN_STYLE = Automatic;
				DEVELOPMENT_TEAM = MTGSZH8QM4;
				INFOPLIST_FILE = "Tests iOS/Info.plist";
				IPHONEOS_DEPLOYMENT_TARGET = 14.0;
				LD_RUNPATH_SEARCH_PATHS = (
					"$(inherited)",
					"@executable_path/Frameworks",
					"@loader_path/Frameworks",
				);
				PRODUCT_BUNDLE_IDENTIFIER = "at.phatbl.Tests-iOS";
				PRODUCT_NAME = "$(TARGET_NAME)";
				SDKROOT = iphoneos;
				SWIFT_VERSION = 5.0;
				TARGETED_DEVICE_FAMILY = "1,2";
				TEST_TARGET_NAME = iOS;
			};
			name = Debug;
		};
		F85B97E824A5985D00E09244 /* Release */ = {
			isa = XCBuildConfiguration;
			buildSettings = {
				ALWAYS_EMBED_SWIFT_STANDARD_LIBRARIES = YES;
				CODE_SIGN_STYLE = Automatic;
				DEVELOPMENT_TEAM = MTGSZH8QM4;
				INFOPLIST_FILE = "Tests iOS/Info.plist";
				IPHONEOS_DEPLOYMENT_TARGET = 14.0;
				LD_RUNPATH_SEARCH_PATHS = (
					"$(inherited)",
					"@executable_path/Frameworks",
					"@loader_path/Frameworks",
				);
				PRODUCT_BUNDLE_IDENTIFIER = "at.phatbl.Tests-iOS";
				PRODUCT_NAME = "$(TARGET_NAME)";
				SDKROOT = iphoneos;
				SWIFT_VERSION = 5.0;
				TARGETED_DEVICE_FAMILY = "1,2";
				TEST_TARGET_NAME = iOS;
				VALIDATE_PRODUCT = YES;
			};
			name = Release;
		};
		F85B981724A59AF700E09244 /* Debug */ = {
			isa = XCBuildConfiguration;
			buildSettings = {
				ASSETCATALOG_COMPILER_APPICON_NAME = AppIcon;
				ASSETCATALOG_COMPILER_GLOBAL_ACCENT_COLOR_NAME = AccentColor;
				CODE_SIGN_ENTITLEMENTS = AppClip/AppClip.entitlements;
				CODE_SIGN_STYLE = Automatic;
				DEVELOPMENT_ASSET_PATHS = "\"AppClip/Preview Content\"";
				DEVELOPMENT_TEAM = MTGSZH8QM4;
				ENABLE_PREVIEWS = YES;
				INFOPLIST_FILE = AppClip/Info.plist;
				IPHONEOS_DEPLOYMENT_TARGET = 14.0;
				LD_RUNPATH_SEARCH_PATHS = (
					"$(inherited)",
					"@executable_path/Frameworks",
				);
				PRODUCT_BUNDLE_IDENTIFIER = at.phatbl.AppClipExample.Clip;
				PRODUCT_NAME = "$(TARGET_NAME)";
				SDKROOT = iphoneos;
				SWIFT_VERSION = 5.0;
				TARGETED_DEVICE_FAMILY = "1,2";
			};
			name = Debug;
		};
		F85B981824A59AF700E09244 /* Release */ = {
			isa = XCBuildConfiguration;
			buildSettings = {
				ASSETCATALOG_COMPILER_APPICON_NAME = AppIcon;
				ASSETCATALOG_COMPILER_GLOBAL_ACCENT_COLOR_NAME = AccentColor;
				CODE_SIGN_ENTITLEMENTS = AppClip/AppClip.entitlements;
				CODE_SIGN_STYLE = Automatic;
				DEVELOPMENT_ASSET_PATHS = "\"AppClip/Preview Content\"";
				DEVELOPMENT_TEAM = MTGSZH8QM4;
				ENABLE_PREVIEWS = YES;
				INFOPLIST_FILE = AppClip/Info.plist;
				IPHONEOS_DEPLOYMENT_TARGET = 14.0;
				LD_RUNPATH_SEARCH_PATHS = (
					"$(inherited)",
					"@executable_path/Frameworks",
				);
				PRODUCT_BUNDLE_IDENTIFIER = at.phatbl.AppClipExample.Clip;
				PRODUCT_NAME = "$(TARGET_NAME)";
				SDKROOT = iphoneos;
				SWIFT_VERSION = 5.0;
				TARGETED_DEVICE_FAMILY = "1,2";
				VALIDATE_PRODUCT = YES;
			};
			name = Release;
		};
		F85B981B24A59AF700E09244 /* Debug */ = {
			isa = XCBuildConfiguration;
			buildSettings = {
				ALWAYS_EMBED_SWIFT_STANDARD_LIBRARIES = YES;
				BUNDLE_LOADER = "$(TEST_HOST)";
				CODE_SIGN_STYLE = Automatic;
				DEVELOPMENT_TEAM = MTGSZH8QM4;
				INFOPLIST_FILE = AppClipTests/Info.plist;
				IPHONEOS_DEPLOYMENT_TARGET = 14.0;
				LD_RUNPATH_SEARCH_PATHS = (
					"$(inherited)",
					"@executable_path/Frameworks",
					"@loader_path/Frameworks",
				);
				PRODUCT_BUNDLE_IDENTIFIER = at.phatbl.AppClipExample.AppClipTests;
				PRODUCT_NAME = "$(TARGET_NAME)";
				SDKROOT = iphoneos;
				SWIFT_VERSION = 5.0;
				TARGETED_DEVICE_FAMILY = "1,2";
				TEST_HOST = "$(BUILT_PRODUCTS_DIR)/AppClip.app/AppClip";
			};
			name = Debug;
		};
		F85B981C24A59AF700E09244 /* Release */ = {
			isa = XCBuildConfiguration;
			buildSettings = {
				ALWAYS_EMBED_SWIFT_STANDARD_LIBRARIES = YES;
				BUNDLE_LOADER = "$(TEST_HOST)";
				CODE_SIGN_STYLE = Automatic;
				DEVELOPMENT_TEAM = MTGSZH8QM4;
				INFOPLIST_FILE = AppClipTests/Info.plist;
				IPHONEOS_DEPLOYMENT_TARGET = 14.0;
				LD_RUNPATH_SEARCH_PATHS = (
					"$(inherited)",
					"@executable_path/Frameworks",
					"@loader_path/Frameworks",
				);
				PRODUCT_BUNDLE_IDENTIFIER = at.phatbl.AppClipExample.AppClipTests;
				PRODUCT_NAME = "$(TARGET_NAME)";
				SDKROOT = iphoneos;
				SWIFT_VERSION = 5.0;
				TARGETED_DEVICE_FAMILY = "1,2";
				TEST_HOST = "$(BUILT_PRODUCTS_DIR)/AppClip.app/AppClip";
				VALIDATE_PRODUCT = YES;
			};
			name = Release;
		};
		F85B981E24A59AF700E09244 /* Debug */ = {
			isa = XCBuildConfiguration;
			buildSettings = {
				ALWAYS_EMBED_SWIFT_STANDARD_LIBRARIES = YES;
				CODE_SIGN_STYLE = Automatic;
				DEVELOPMENT_TEAM = MTGSZH8QM4;
				INFOPLIST_FILE = AppClipUITests/Info.plist;
				IPHONEOS_DEPLOYMENT_TARGET = 14.0;
				LD_RUNPATH_SEARCH_PATHS = (
					"$(inherited)",
					"@executable_path/Frameworks",
					"@loader_path/Frameworks",
				);
				PRODUCT_BUNDLE_IDENTIFIER = at.phatbl.AppClipExample.AppClipUITests;
				PRODUCT_NAME = "$(TARGET_NAME)";
				SDKROOT = iphoneos;
				SWIFT_VERSION = 5.0;
				TARGETED_DEVICE_FAMILY = "1,2";
				TEST_TARGET_NAME = AppClip;
			};
			name = Debug;
		};
		F85B981F24A59AF700E09244 /* Release */ = {
			isa = XCBuildConfiguration;
			buildSettings = {
				ALWAYS_EMBED_SWIFT_STANDARD_LIBRARIES = YES;
				CODE_SIGN_STYLE = Automatic;
				DEVELOPMENT_TEAM = MTGSZH8QM4;
				INFOPLIST_FILE = AppClipUITests/Info.plist;
				IPHONEOS_DEPLOYMENT_TARGET = 14.0;
				LD_RUNPATH_SEARCH_PATHS = (
					"$(inherited)",
					"@executable_path/Frameworks",
					"@loader_path/Frameworks",
				);
				PRODUCT_BUNDLE_IDENTIFIER = at.phatbl.AppClipExample.AppClipUITests;
				PRODUCT_NAME = "$(TARGET_NAME)";
				SDKROOT = iphoneos;
				SWIFT_VERSION = 5.0;
				TARGETED_DEVICE_FAMILY = "1,2";
				TEST_TARGET_NAME = AppClip;
				VALIDATE_PRODUCT = YES;
			};
			name = Release;
		};
/* End XCBuildConfiguration section */

/* Begin XCConfigurationList section */
		F85B97AD24A5985C00E09244 /* Build configuration list for PBXProject "AppClipExample" */ = {
			isa = XCConfigurationList;
			buildConfigurations = (
				F85B97DE24A5985D00E09244 /* Debug */,
				F85B97DF24A5985D00E09244 /* Release */,
			);
			defaultConfigurationIsVisible = 0;
			defaultConfigurationName = Release;
		};
		F85B97E024A5985D00E09244 /* Build configuration list for PBXNativeTarget "iOS" */ = {
			isa = XCConfigurationList;
			buildConfigurations = (
				F85B97E124A5985D00E09244 /* Debug */,
				F85B97E224A5985D00E09244 /* Release */,
			);
			defaultConfigurationIsVisible = 0;
			defaultConfigurationName = Release;
		};
		F85B97E624A5985D00E09244 /* Build configuration list for PBXNativeTarget "Tests iOS" */ = {
			isa = XCConfigurationList;
			buildConfigurations = (
				F85B97E724A5985D00E09244 /* Debug */,
				F85B97E824A5985D00E09244 /* Release */,
			);
			defaultConfigurationIsVisible = 0;
			defaultConfigurationName = Release;
		};
		F85B981624A59AF700E09244 /* Build configuration list for PBXNativeTarget "AppClip" */ = {
			isa = XCConfigurationList;
			buildConfigurations = (
				F85B981724A59AF700E09244 /* Debug */,
				F85B981824A59AF700E09244 /* Release */,
			);
			defaultConfigurationIsVisible = 0;
			defaultConfigurationName = Release;
		};
		F85B981A24A59AF700E09244 /* Build configuration list for PBXNativeTarget "AppClipTests" */ = {
			isa = XCConfigurationList;
			buildConfigurations = (
				F85B981B24A59AF700E09244 /* Debug */,
				F85B981C24A59AF700E09244 /* Release */,
			);
			defaultConfigurationIsVisible = 0;
			defaultConfigurationName = Release;
		};
		F85B981D24A59AF700E09244 /* Build configuration list for PBXNativeTarget "AppClipUITests" */ = {
			isa = XCConfigurationList;
			buildConfigurations = (
				F85B981E24A59AF700E09244 /* Debug */,
				F85B981F24A59AF700E09244 /* Release */,
			);
			defaultConfigurationIsVisible = 0;
			defaultConfigurationName = Release;
		};
/* End XCConfigurationList section */
	};
	rootObject = F85B97AA24A5985C00E09244 /* Project object */;
}
