// !$*UTF8*$!
{
	archiveVersion = 1;
	classes = {
	};
	objectVersion = 50;
	objects = {

/* Begin PBXBuildFile section */
		F85B7D2D24A409260032407A /* Tests_iOS.swift in Sources */ = {isa = PBXBuildFile; fileRef = F85B7D2C24A409260032407A /* Tests_iOS.swift */; };
		F85B7D3A24A409260032407A /* AppClipExampleApp.swift in Sources */ = {isa = PBXBuildFile; fileRef = F85B7D1124A409250032407A /* AppClipExampleApp.swift */; };
		F85B7D3C24A409260032407A /* ContentView.swift in Sources */ = {isa = PBXBuildFile; fileRef = F85B7D1224A409250032407A /* ContentView.swift */; };
		F85B7D3E24A409260032407A /* Assets.xcassets in Resources */ = {isa = PBXBuildFile; fileRef = F85B7D1324A409260032407A /* Assets.xcassets */; };
		F85B7D5524A40AEF0032407A /* AppClipApp.swift in Sources */ = {isa = PBXBuildFile; fileRef = F85B7D5424A40AEF0032407A /* AppClipApp.swift */; };
		F85B7D5724A40AEF0032407A /* ContentView.swift in Sources */ = {isa = PBXBuildFile; fileRef = F85B7D5624A40AEF0032407A /* ContentView.swift */; };
		F85B7D5924A40AEF0032407A /* Assets.xcassets in Resources */ = {isa = PBXBuildFile; fileRef = F85B7D5824A40AEF0032407A /* Assets.xcassets */; };
		F85B7D5C24A40AEF0032407A /* Preview Assets.xcassets in Resources */ = {isa = PBXBuildFile; fileRef = F85B7D5B24A40AEF0032407A /* Preview Assets.xcassets */; };
		F85B7D6824A40AEF0032407A /* AppClipTests.swift in Sources */ = {isa = PBXBuildFile; fileRef = F85B7D6724A40AEF0032407A /* AppClipTests.swift */; };
		F85B7D7324A40AEF0032407A /* AppClipUITests.swift in Sources */ = {isa = PBXBuildFile; fileRef = F85B7D7224A40AEF0032407A /* AppClipUITests.swift */; };
		F85B7D7724A40AEF0032407A /* AppClip.app in Embed App Clips */ = {isa = PBXBuildFile; fileRef = F85B7D5224A40AEF0032407A /* AppClip.app */; settings = {ATTRIBUTES = (RemoveHeadersOnCopy, ); }; };
/* End PBXBuildFile section */

/* Begin PBXContainerItemProxy section */
		F85B7D2924A409260032407A /* PBXContainerItemProxy */ = {
			isa = PBXContainerItemProxy;
			containerPortal = F85B7D0C24A409250032407A /* Project object */;
			proxyType = 1;
			remoteGlobalIDString = F85B7D1724A409260032407A;
			remoteInfo = iOS;
		};
		F85B7D6424A40AEF0032407A /* PBXContainerItemProxy */ = {
			isa = PBXContainerItemProxy;
			containerPortal = F85B7D0C24A409250032407A /* Project object */;
			proxyType = 1;
			remoteGlobalIDString = F85B7D5124A40AEF0032407A;
			remoteInfo = AppClip;
		};
		F85B7D6F24A40AEF0032407A /* PBXContainerItemProxy */ = {
			isa = PBXContainerItemProxy;
			containerPortal = F85B7D0C24A409250032407A /* Project object */;
			proxyType = 1;
			remoteGlobalIDString = F85B7D5124A40AEF0032407A;
			remoteInfo = AppClip;
		};
		F85B7D7524A40AEF0032407A /* PBXContainerItemProxy */ = {
			isa = PBXContainerItemProxy;
			containerPortal = F85B7D0C24A409250032407A /* Project object */;
			proxyType = 1;
			remoteGlobalIDString = F85B7D5124A40AEF0032407A;
			remoteInfo = AppClip;
		};
/* End PBXContainerItemProxy section */

/* Begin PBXCopyFilesBuildPhase section */
		F85B7D7B24A40AF00032407A /* Embed App Clips */ = {
			isa = PBXCopyFilesBuildPhase;
			buildActionMask = 2147483647;
			dstPath = "$(CONTENTS_FOLDER_PATH)/AppClips";
			dstSubfolderSpec = 16;
			files = (
				F85B7D7724A40AEF0032407A /* AppClip.app in Embed App Clips */,
			);
			name = "Embed App Clips";
			runOnlyForDeploymentPostprocessing = 0;
		};
/* End PBXCopyFilesBuildPhase section */

/* Begin PBXFileReference section */
		F85B7D1124A409250032407A /* AppClipExampleApp.swift */ = {isa = PBXFileReference; lastKnownFileType = sourcecode.swift; path = AppClipExampleApp.swift; sourceTree = "<group>"; };
		F85B7D1224A409250032407A /* ContentView.swift */ = {isa = PBXFileReference; lastKnownFileType = sourcecode.swift; path = ContentView.swift; sourceTree = "<group>"; };
		F85B7D1324A409260032407A /* Assets.xcassets */ = {isa = PBXFileReference; lastKnownFileType = folder.assetcatalog; path = Assets.xcassets; sourceTree = "<group>"; };
		F85B7D1824A409260032407A /* AppClipExample.app */ = {isa = PBXFileReference; explicitFileType = wrapper.application; includeInIndex = 0; path = AppClipExample.app; sourceTree = BUILT_PRODUCTS_DIR; };
		F85B7D1B24A409260032407A /* Info.plist */ = {isa = PBXFileReference; lastKnownFileType = text.plist.xml; path = Info.plist; sourceTree = "<group>"; };
		F85B7D2824A409260032407A /* Tests iOS.xctest */ = {isa = PBXFileReference; explicitFileType = wrapper.cfbundle; includeInIndex = 0; path = "Tests iOS.xctest"; sourceTree = BUILT_PRODUCTS_DIR; };
		F85B7D2C24A409260032407A /* Tests_iOS.swift */ = {isa = PBXFileReference; lastKnownFileType = sourcecode.swift; path = Tests_iOS.swift; sourceTree = "<group>"; };
		F85B7D2E24A409260032407A /* Info.plist */ = {isa = PBXFileReference; lastKnownFileType = text.plist.xml; path = Info.plist; sourceTree = "<group>"; };
		F85B7D5224A40AEF0032407A /* AppClip.app */ = {isa = PBXFileReference; explicitFileType = wrapper.application; includeInIndex = 0; path = AppClip.app; sourceTree = BUILT_PRODUCTS_DIR; };
		F85B7D5424A40AEF0032407A /* AppClipApp.swift */ = {isa = PBXFileReference; lastKnownFileType = sourcecode.swift; path = AppClipApp.swift; sourceTree = "<group>"; };
		F85B7D5624A40AEF0032407A /* ContentView.swift */ = {isa = PBXFileReference; lastKnownFileType = sourcecode.swift; path = ContentView.swift; sourceTree = "<group>"; };
		F85B7D5824A40AEF0032407A /* Assets.xcassets */ = {isa = PBXFileReference; lastKnownFileType = folder.assetcatalog; path = Assets.xcassets; sourceTree = "<group>"; };
		F85B7D5B24A40AEF0032407A /* Preview Assets.xcassets */ = {isa = PBXFileReference; lastKnownFileType = folder.assetcatalog; path = "Preview Assets.xcassets"; sourceTree = "<group>"; };
		F85B7D5D24A40AEF0032407A /* Info.plist */ = {isa = PBXFileReference; lastKnownFileType = text.plist.xml; path = Info.plist; sourceTree = "<group>"; };
		F85B7D5E24A40AEF0032407A /* AppClip.entitlements */ = {isa = PBXFileReference; lastKnownFileType = text.plist.entitlements; path = AppClip.entitlements; sourceTree = "<group>"; };
		F85B7D6324A40AEF0032407A /* AppClipTests.xctest */ = {isa = PBXFileReference; explicitFileType = wrapper.cfbundle; includeInIndex = 0; path = AppClipTests.xctest; sourceTree = BUILT_PRODUCTS_DIR; };
		F85B7D6724A40AEF0032407A /* AppClipTests.swift */ = {isa = PBXFileReference; lastKnownFileType = sourcecode.swift; path = AppClipTests.swift; sourceTree = "<group>"; };
		F85B7D6924A40AEF0032407A /* Info.plist */ = {isa = PBXFileReference; lastKnownFileType = text.plist.xml; path = Info.plist; sourceTree = "<group>"; };
		F85B7D6E24A40AEF0032407A /* AppClipUITests.xctest */ = {isa = PBXFileReference; explicitFileType = wrapper.cfbundle; includeInIndex = 0; path = AppClipUITests.xctest; sourceTree = BUILT_PRODUCTS_DIR; };
		F85B7D7224A40AEF0032407A /* AppClipUITests.swift */ = {isa = PBXFileReference; lastKnownFileType = sourcecode.swift; path = AppClipUITests.swift; sourceTree = "<group>"; };
		F85B7D7424A40AEF0032407A /* Info.plist */ = {isa = PBXFileReference; lastKnownFileType = text.plist.xml; path = Info.plist; sourceTree = "<group>"; };
/* End PBXFileReference section */

/* Begin PBXFrameworksBuildPhase section */
		F85B7D1524A409260032407A /* Frameworks */ = {
			isa = PBXFrameworksBuildPhase;
			buildActionMask = 2147483647;
			files = (
			);
			runOnlyForDeploymentPostprocessing = 0;
		};
		F85B7D2524A409260032407A /* Frameworks */ = {
			isa = PBXFrameworksBuildPhase;
			buildActionMask = 2147483647;
			files = (
			);
			runOnlyForDeploymentPostprocessing = 0;
		};
		F85B7D4F24A40AEF0032407A /* Frameworks */ = {
			isa = PBXFrameworksBuildPhase;
			buildActionMask = 2147483647;
			files = (
			);
			runOnlyForDeploymentPostprocessing = 0;
		};
		F85B7D6024A40AEF0032407A /* Frameworks */ = {
			isa = PBXFrameworksBuildPhase;
			buildActionMask = 2147483647;
			files = (
			);
			runOnlyForDeploymentPostprocessing = 0;
		};
		F85B7D6B24A40AEF0032407A /* Frameworks */ = {
			isa = PBXFrameworksBuildPhase;
			buildActionMask = 2147483647;
			files = (
			);
			runOnlyForDeploymentPostprocessing = 0;
		};
/* End PBXFrameworksBuildPhase section */

/* Begin PBXGroup section */
		F85B7D0B24A409250032407A = {
			isa = PBXGroup;
			children = (
				F85B7D1024A409250032407A /* Shared */,
				F85B7D1A24A409260032407A /* iOS */,
				F85B7D2B24A409260032407A /* Tests iOS */,
				F85B7D5324A40AEF0032407A /* AppClip */,
				F85B7D6624A40AEF0032407A /* AppClipTests */,
				F85B7D7124A40AEF0032407A /* AppClipUITests */,
				F85B7D1924A409260032407A /* Products */,
			);
			sourceTree = "<group>";
		};
		F85B7D1024A409250032407A /* Shared */ = {
			isa = PBXGroup;
			children = (
				F85B7D1124A409250032407A /* AppClipExampleApp.swift */,
				F85B7D1224A409250032407A /* ContentView.swift */,
				F85B7D1324A409260032407A /* Assets.xcassets */,
			);
			path = Shared;
			sourceTree = "<group>";
		};
		F85B7D1924A409260032407A /* Products */ = {
			isa = PBXGroup;
			children = (
				F85B7D1824A409260032407A /* AppClipExample.app */,
				F85B7D2824A409260032407A /* Tests iOS.xctest */,
				F85B7D5224A40AEF0032407A /* AppClip.app */,
				F85B7D6324A40AEF0032407A /* AppClipTests.xctest */,
				F85B7D6E24A40AEF0032407A /* AppClipUITests.xctest */,
			);
			name = Products;
			sourceTree = "<group>";
		};
		F85B7D1A24A409260032407A /* iOS */ = {
			isa = PBXGroup;
			children = (
				F85B7D1B24A409260032407A /* Info.plist */,
			);
			path = iOS;
			sourceTree = "<group>";
		};
		F85B7D2B24A409260032407A /* Tests iOS */ = {
			isa = PBXGroup;
			children = (
				F85B7D2C24A409260032407A /* Tests_iOS.swift */,
				F85B7D2E24A409260032407A /* Info.plist */,
			);
			path = "Tests iOS";
			sourceTree = "<group>";
		};
		F85B7D5324A40AEF0032407A /* AppClip */ = {
			isa = PBXGroup;
			children = (
				F85B7D5424A40AEF0032407A /* AppClipApp.swift */,
				F85B7D5624A40AEF0032407A /* ContentView.swift */,
				F85B7D5824A40AEF0032407A /* Assets.xcassets */,
				F85B7D5D24A40AEF0032407A /* Info.plist */,
				F85B7D5E24A40AEF0032407A /* AppClip.entitlements */,
				F85B7D5A24A40AEF0032407A /* Preview Content */,
			);
			path = AppClip;
			sourceTree = "<group>";
		};
		F85B7D5A24A40AEF0032407A /* Preview Content */ = {
			isa = PBXGroup;
			children = (
				F85B7D5B24A40AEF0032407A /* Preview Assets.xcassets */,
			);
			path = "Preview Content";
			sourceTree = "<group>";
		};
		F85B7D6624A40AEF0032407A /* AppClipTests */ = {
			isa = PBXGroup;
			children = (
				F85B7D6724A40AEF0032407A /* AppClipTests.swift */,
				F85B7D6924A40AEF0032407A /* Info.plist */,
			);
			path = AppClipTests;
			sourceTree = "<group>";
		};
		F85B7D7124A40AEF0032407A /* AppClipUITests */ = {
			isa = PBXGroup;
			children = (
				F85B7D7224A40AEF0032407A /* AppClipUITests.swift */,
				F85B7D7424A40AEF0032407A /* Info.plist */,
			);
			path = AppClipUITests;
			sourceTree = "<group>";
		};
/* End PBXGroup section */

/* Begin PBXNativeTarget section */
		F85B7D1724A409260032407A /* iOS */ = {
			isa = PBXNativeTarget;
			buildConfigurationList = F85B7D4224A409260032407A /* Build configuration list for PBXNativeTarget "iOS" */;
			buildPhases = (
				F85B7D1424A409260032407A /* Sources */,
				F85B7D1524A409260032407A /* Frameworks */,
				F85B7D1624A409260032407A /* Resources */,
				F85B7D7B24A40AF00032407A /* Embed App Clips */,
			);
			buildRules = (
			);
			dependencies = (
				F85B7D7624A40AEF0032407A /* PBXTargetDependency */,
			);
			name = iOS;
			productName = iOS;
			productReference = F85B7D1824A409260032407A /* AppClipExample.app */;
			productType = "com.apple.product-type.application";
		};
		F85B7D2724A409260032407A /* Tests iOS */ = {
			isa = PBXNativeTarget;
			buildConfigurationList = F85B7D4824A409260032407A /* Build configuration list for PBXNativeTarget "Tests iOS" */;
			buildPhases = (
				F85B7D2424A409260032407A /* Sources */,
				F85B7D2524A409260032407A /* Frameworks */,
				F85B7D2624A409260032407A /* Resources */,
			);
			buildRules = (
			);
			dependencies = (
				F85B7D2A24A409260032407A /* PBXTargetDependency */,
			);
			name = "Tests iOS";
			productName = "Tests iOS";
			productReference = F85B7D2824A409260032407A /* Tests iOS.xctest */;
			productType = "com.apple.product-type.bundle.ui-testing";
		};
		F85B7D5124A40AEF0032407A /* AppClip */ = {
			isa = PBXNativeTarget;
			buildConfigurationList = F85B7D7824A40AF00032407A /* Build configuration list for PBXNativeTarget "AppClip" */;
			buildPhases = (
				F85B7D4E24A40AEF0032407A /* Sources */,
				F85B7D4F24A40AEF0032407A /* Frameworks */,
				F85B7D5024A40AEF0032407A /* Resources */,
			);
			buildRules = (
			);
			dependencies = (
			);
			name = AppClip;
			productName = AppClip;
			productReference = F85B7D5224A40AEF0032407A /* AppClip.app */;
			productType = "com.apple.product-type.application.on-demand-install-capable";
		};
		F85B7D6224A40AEF0032407A /* AppClipTests */ = {
			isa = PBXNativeTarget;
			buildConfigurationList = F85B7D7C24A40AF00032407A /* Build configuration list for PBXNativeTarget "AppClipTests" */;
			buildPhases = (
				F85B7D5F24A40AEF0032407A /* Sources */,
				F85B7D6024A40AEF0032407A /* Frameworks */,
				F85B7D6124A40AEF0032407A /* Resources */,
			);
			buildRules = (
			);
			dependencies = (
				F85B7D6524A40AEF0032407A /* PBXTargetDependency */,
			);
			name = AppClipTests;
			productName = AppClipTests;
			productReference = F85B7D6324A40AEF0032407A /* AppClipTests.xctest */;
			productType = "com.apple.product-type.bundle.unit-test";
		};
		F85B7D6D24A40AEF0032407A /* AppClipUITests */ = {
			isa = PBXNativeTarget;
			buildConfigurationList = F85B7D7F24A40AF00032407A /* Build configuration list for PBXNativeTarget "AppClipUITests" */;
			buildPhases = (
				F85B7D6A24A40AEF0032407A /* Sources */,
				F85B7D6B24A40AEF0032407A /* Frameworks */,
				F85B7D6C24A40AEF0032407A /* Resources */,
			);
			buildRules = (
			);
			dependencies = (
				F85B7D7024A40AEF0032407A /* PBXTargetDependency */,
			);
			name = AppClipUITests;
			productName = AppClipUITests;
			productReference = F85B7D6E24A40AEF0032407A /* AppClipUITests.xctest */;
			productType = "com.apple.product-type.bundle.ui-testing";
		};
/* End PBXNativeTarget section */

/* Begin PBXProject section */
		F85B7D0C24A409250032407A /* Project object */ = {
			isa = PBXProject;
			attributes = {
				LastSwiftUpdateCheck = 1200;
				LastUpgradeCheck = 1200;
				TargetAttributes = {
					F85B7D1724A409260032407A = {
						CreatedOnToolsVersion = 12.0;
					};
					F85B7D2724A409260032407A = {
						CreatedOnToolsVersion = 12.0;
						TestTargetID = F85B7D1724A409260032407A;
					};
					F85B7D5124A40AEF0032407A = {
						CreatedOnToolsVersion = 12.0;
					};
					F85B7D6224A40AEF0032407A = {
						CreatedOnToolsVersion = 12.0;
						TestTargetID = F85B7D5124A40AEF0032407A;
					};
					F85B7D6D24A40AEF0032407A = {
						CreatedOnToolsVersion = 12.0;
						TestTargetID = F85B7D5124A40AEF0032407A;
					};
				};
			};
			buildConfigurationList = F85B7D0F24A409250032407A /* Build configuration list for PBXProject "AppClipExample" */;
			compatibilityVersion = "Xcode 9.3";
			developmentRegion = en;
			hasScannedForEncodings = 0;
			knownRegions = (
				en,
				Base,
			);
			mainGroup = F85B7D0B24A409250032407A;
			productRefGroup = F85B7D1924A409260032407A /* Products */;
			projectDirPath = "";
			projectRoot = "";
			targets = (
				F85B7D1724A409260032407A /* iOS */,
				F85B7D2724A409260032407A /* Tests iOS */,
				F85B7D5124A40AEF0032407A /* AppClip */,
				F85B7D6224A40AEF0032407A /* AppClipTests */,
				F85B7D6D24A40AEF0032407A /* AppClipUITests */,
			);
		};
/* End PBXProject section */

/* Begin PBXResourcesBuildPhase section */
		F85B7D1624A409260032407A /* Resources */ = {
			isa = PBXResourcesBuildPhase;
			buildActionMask = 2147483647;
			files = (
				F85B7D3E24A409260032407A /* Assets.xcassets in Resources */,
			);
			runOnlyForDeploymentPostprocessing = 0;
		};
		F85B7D2624A409260032407A /* Resources */ = {
			isa = PBXResourcesBuildPhase;
			buildActionMask = 2147483647;
			files = (
			);
			runOnlyForDeploymentPostprocessing = 0;
		};
		F85B7D5024A40AEF0032407A /* Resources */ = {
			isa = PBXResourcesBuildPhase;
			buildActionMask = 2147483647;
			files = (
				F85B7D5C24A40AEF0032407A /* Preview Assets.xcassets in Resources */,
				F85B7D5924A40AEF0032407A /* Assets.xcassets in Resources */,
			);
			runOnlyForDeploymentPostprocessing = 0;
		};
		F85B7D6124A40AEF0032407A /* Resources */ = {
			isa = PBXResourcesBuildPhase;
			buildActionMask = 2147483647;
			files = (
			);
			runOnlyForDeploymentPostprocessing = 0;
		};
		F85B7D6C24A40AEF0032407A /* Resources */ = {
			isa = PBXResourcesBuildPhase;
			buildActionMask = 2147483647;
			files = (
			);
			runOnlyForDeploymentPostprocessing = 0;
		};
/* End PBXResourcesBuildPhase section */

/* Begin PBXSourcesBuildPhase section */
		F85B7D1424A409260032407A /* Sources */ = {
			isa = PBXSourcesBuildPhase;
			buildActionMask = 2147483647;
			files = (
				F85B7D3C24A409260032407A /* ContentView.swift in Sources */,
				F85B7D3A24A409260032407A /* AppClipExampleApp.swift in Sources */,
			);
			runOnlyForDeploymentPostprocessing = 0;
		};
		F85B7D2424A409260032407A /* Sources */ = {
			isa = PBXSourcesBuildPhase;
			buildActionMask = 2147483647;
			files = (
				F85B7D2D24A409260032407A /* Tests_iOS.swift in Sources */,
			);
			runOnlyForDeploymentPostprocessing = 0;
		};
		F85B7D4E24A40AEF0032407A /* Sources */ = {
			isa = PBXSourcesBuildPhase;
			buildActionMask = 2147483647;
			files = (
				F85B7D5724A40AEF0032407A /* ContentView.swift in Sources */,
				F85B7D5524A40AEF0032407A /* AppClipApp.swift in Sources */,
			);
			runOnlyForDeploymentPostprocessing = 0;
		};
		F85B7D5F24A40AEF0032407A /* Sources */ = {
			isa = PBXSourcesBuildPhase;
			buildActionMask = 2147483647;
			files = (
				F85B7D6824A40AEF0032407A /* AppClipTests.swift in Sources */,
			);
			runOnlyForDeploymentPostprocessing = 0;
		};
		F85B7D6A24A40AEF0032407A /* Sources */ = {
			isa = PBXSourcesBuildPhase;
			buildActionMask = 2147483647;
			files = (
				F85B7D7324A40AEF0032407A /* AppClipUITests.swift in Sources */,
			);
			runOnlyForDeploymentPostprocessing = 0;
		};
/* End PBXSourcesBuildPhase section */

/* Begin PBXTargetDependency section */
		F85B7D2A24A409260032407A /* PBXTargetDependency */ = {
			isa = PBXTargetDependency;
			target = F85B7D1724A409260032407A /* iOS */;
			targetProxy = F85B7D2924A409260032407A /* PBXContainerItemProxy */;
		};
		F85B7D6524A40AEF0032407A /* PBXTargetDependency */ = {
			isa = PBXTargetDependency;
			target = F85B7D5124A40AEF0032407A /* AppClip */;
			targetProxy = F85B7D6424A40AEF0032407A /* PBXContainerItemProxy */;
		};
		F85B7D7024A40AEF0032407A /* PBXTargetDependency */ = {
			isa = PBXTargetDependency;
			target = F85B7D5124A40AEF0032407A /* AppClip */;
			targetProxy = F85B7D6F24A40AEF0032407A /* PBXContainerItemProxy */;
		};
		F85B7D7624A40AEF0032407A /* PBXTargetDependency */ = {
			isa = PBXTargetDependency;
			target = F85B7D5124A40AEF0032407A /* AppClip */;
			targetProxy = F85B7D7524A40AEF0032407A /* PBXContainerItemProxy */;
		};
/* End PBXTargetDependency section */

/* Begin XCBuildConfiguration section */
		F85B7D4024A409260032407A /* Debug */ = {
			isa = XCBuildConfiguration;
			buildSettings = {
				ALWAYS_SEARCH_USER_PATHS = NO;
				CLANG_ANALYZER_NONNULL = YES;
				CLANG_ANALYZER_NUMBER_OBJECT_CONVERSION = YES_AGGRESSIVE;
				CLANG_CXX_LANGUAGE_STANDARD = "gnu++14";
				CLANG_CXX_LIBRARY = "libc++";
				CLANG_ENABLE_MODULES = YES;
				CLANG_ENABLE_OBJC_ARC = YES;
				CLANG_ENABLE_OBJC_WEAK = YES;
				CLANG_WARN_BLOCK_CAPTURE_AUTORELEASING = YES;
				CLANG_WARN_BOOL_CONVERSION = YES;
				CLANG_WARN_COMMA = YES;
				CLANG_WARN_CONSTANT_CONVERSION = YES;
				CLANG_WARN_DEPRECATED_OBJC_IMPLEMENTATIONS = YES;
				CLANG_WARN_DIRECT_OBJC_ISA_USAGE = YES_ERROR;
				CLANG_WARN_DOCUMENTATION_COMMENTS = YES;
				CLANG_WARN_EMPTY_BODY = YES;
				CLANG_WARN_ENUM_CONVERSION = YES;
				CLANG_WARN_INFINITE_RECURSION = YES;
				CLANG_WARN_INT_CONVERSION = YES;
				CLANG_WARN_NON_LITERAL_NULL_CONVERSION = YES;
				CLANG_WARN_OBJC_IMPLICIT_RETAIN_SELF = YES;
				CLANG_WARN_OBJC_LITERAL_CONVERSION = YES;
				CLANG_WARN_OBJC_ROOT_CLASS = YES_ERROR;
				CLANG_WARN_QUOTED_INCLUDE_IN_FRAMEWORK_HEADER = YES;
				CLANG_WARN_RANGE_LOOP_ANALYSIS = YES;
				CLANG_WARN_STRICT_PROTOTYPES = YES;
				CLANG_WARN_SUSPICIOUS_MOVE = YES;
				CLANG_WARN_UNGUARDED_AVAILABILITY = YES_AGGRESSIVE;
				CLANG_WARN_UNREACHABLE_CODE = YES;
				CLANG_WARN__DUPLICATE_METHOD_MATCH = YES;
				COPY_PHASE_STRIP = NO;
				DEBUG_INFORMATION_FORMAT = dwarf;
				ENABLE_STRICT_OBJC_MSGSEND = YES;
				ENABLE_TESTABILITY = YES;
				GCC_C_LANGUAGE_STANDARD = gnu11;
				GCC_DYNAMIC_NO_PIC = NO;
				GCC_NO_COMMON_BLOCKS = YES;
				GCC_OPTIMIZATION_LEVEL = 0;
				GCC_PREPROCESSOR_DEFINITIONS = (
					"DEBUG=1",
					"$(inherited)",
				);
				GCC_WARN_64_TO_32_BIT_CONVERSION = YES;
				GCC_WARN_ABOUT_RETURN_TYPE = YES_ERROR;
				GCC_WARN_UNDECLARED_SELECTOR = YES;
				GCC_WARN_UNINITIALIZED_AUTOS = YES_AGGRESSIVE;
				GCC_WARN_UNUSED_FUNCTION = YES;
				GCC_WARN_UNUSED_VARIABLE = YES;
				MTL_ENABLE_DEBUG_INFO = INCLUDE_SOURCE;
				MTL_FAST_MATH = YES;
				ONLY_ACTIVE_ARCH = YES;
				SWIFT_ACTIVE_COMPILATION_CONDITIONS = DEBUG;
				SWIFT_OPTIMIZATION_LEVEL = "-Onone";
			};
			name = Debug;
		};
		F85B7D4124A409260032407A /* Release */ = {
			isa = XCBuildConfiguration;
			buildSettings = {
				ALWAYS_SEARCH_USER_PATHS = NO;
				CLANG_ANALYZER_NONNULL = YES;
				CLANG_ANALYZER_NUMBER_OBJECT_CONVERSION = YES_AGGRESSIVE;
				CLANG_CXX_LANGUAGE_STANDARD = "gnu++14";
				CLANG_CXX_LIBRARY = "libc++";
				CLANG_ENABLE_MODULES = YES;
				CLANG_ENABLE_OBJC_ARC = YES;
				CLANG_ENABLE_OBJC_WEAK = YES;
				CLANG_WARN_BLOCK_CAPTURE_AUTORELEASING = YES;
				CLANG_WARN_BOOL_CONVERSION = YES;
				CLANG_WARN_COMMA = YES;
				CLANG_WARN_CONSTANT_CONVERSION = YES;
				CLANG_WARN_DEPRECATED_OBJC_IMPLEMENTATIONS = YES;
				CLANG_WARN_DIRECT_OBJC_ISA_USAGE = YES_ERROR;
				CLANG_WARN_DOCUMENTATION_COMMENTS = YES;
				CLANG_WARN_EMPTY_BODY = YES;
				CLANG_WARN_ENUM_CONVERSION = YES;
				CLANG_WARN_INFINITE_RECURSION = YES;
				CLANG_WARN_INT_CONVERSION = YES;
				CLANG_WARN_NON_LITERAL_NULL_CONVERSION = YES;
				CLANG_WARN_OBJC_IMPLICIT_RETAIN_SELF = YES;
				CLANG_WARN_OBJC_LITERAL_CONVERSION = YES;
				CLANG_WARN_OBJC_ROOT_CLASS = YES_ERROR;
				CLANG_WARN_QUOTED_INCLUDE_IN_FRAMEWORK_HEADER = YES;
				CLANG_WARN_RANGE_LOOP_ANALYSIS = YES;
				CLANG_WARN_STRICT_PROTOTYPES = YES;
				CLANG_WARN_SUSPICIOUS_MOVE = YES;
				CLANG_WARN_UNGUARDED_AVAILABILITY = YES_AGGRESSIVE;
				CLANG_WARN_UNREACHABLE_CODE = YES;
				CLANG_WARN__DUPLICATE_METHOD_MATCH = YES;
				COPY_PHASE_STRIP = NO;
				DEBUG_INFORMATION_FORMAT = "dwarf-with-dsym";
				ENABLE_NS_ASSERTIONS = NO;
				ENABLE_STRICT_OBJC_MSGSEND = YES;
				GCC_C_LANGUAGE_STANDARD = gnu11;
				GCC_NO_COMMON_BLOCKS = YES;
				GCC_WARN_64_TO_32_BIT_CONVERSION = YES;
				GCC_WARN_ABOUT_RETURN_TYPE = YES_ERROR;
				GCC_WARN_UNDECLARED_SELECTOR = YES;
				GCC_WARN_UNINITIALIZED_AUTOS = YES_AGGRESSIVE;
				GCC_WARN_UNUSED_FUNCTION = YES;
				GCC_WARN_UNUSED_VARIABLE = YES;
				MTL_ENABLE_DEBUG_INFO = NO;
				MTL_FAST_MATH = YES;
				SWIFT_COMPILATION_MODE = wholemodule;
				SWIFT_OPTIMIZATION_LEVEL = "-O";
			};
			name = Release;
		};
		F85B7D4324A409260032407A /* Debug */ = {
			isa = XCBuildConfiguration;
			buildSettings = {
				ALWAYS_EMBED_SWIFT_STANDARD_LIBRARIES = YES;
				ASSETCATALOG_COMPILER_APPICON_NAME = AppIcon;
				ASSETCATALOG_COMPILER_GLOBAL_ACCENT_COLOR_NAME = AccentColor;
				CODE_SIGN_STYLE = Automatic;
				ENABLE_PREVIEWS = YES;
				INFOPLIST_FILE = iOS/Info.plist;
				IPHONEOS_DEPLOYMENT_TARGET = 14.0;
				LD_RUNPATH_SEARCH_PATHS = (
					"$(inherited)",
					"@executable_path/Frameworks",
				);
				PRODUCT_BUNDLE_IDENTIFIER = at.phatbl.AppClipExample;
				PRODUCT_NAME = AppClipExample;
				SDKROOT = iphoneos;
				SWIFT_VERSION = 5.0;
				TARGETED_DEVICE_FAMILY = "1,2";
			};
			name = Debug;
		};
		F85B7D4424A409260032407A /* Release */ = {
			isa = XCBuildConfiguration;
			buildSettings = {
				ALWAYS_EMBED_SWIFT_STANDARD_LIBRARIES = YES;
				ASSETCATALOG_COMPILER_APPICON_NAME = AppIcon;
				ASSETCATALOG_COMPILER_GLOBAL_ACCENT_COLOR_NAME = AccentColor;
				CODE_SIGN_STYLE = Automatic;
				ENABLE_PREVIEWS = YES;
				INFOPLIST_FILE = iOS/Info.plist;
				IPHONEOS_DEPLOYMENT_TARGET = 14.0;
				LD_RUNPATH_SEARCH_PATHS = (
					"$(inherited)",
					"@executable_path/Frameworks",
				);
				PRODUCT_BUNDLE_IDENTIFIER = at.phatbl.AppClipExample;
				PRODUCT_NAME = AppClipExample;
				SDKROOT = iphoneos;
				SWIFT_VERSION = 5.0;
				TARGETED_DEVICE_FAMILY = "1,2";
				VALIDATE_PRODUCT = YES;
			};
			name = Release;
		};
		F85B7D4924A409260032407A /* Debug */ = {
			isa = XCBuildConfiguration;
			buildSettings = {
				ALWAYS_EMBED_SWIFT_STANDARD_LIBRARIES = YES;
				CODE_SIGN_STYLE = Automatic;
				INFOPLIST_FILE = "Tests iOS/Info.plist";
				IPHONEOS_DEPLOYMENT_TARGET = 14.0;
				LD_RUNPATH_SEARCH_PATHS = (
					"$(inherited)",
					"@executable_path/Frameworks",
					"@loader_path/Frameworks",
				);
				PRODUCT_BUNDLE_IDENTIFIER = "at.phatbl.Tests-iOS";
				PRODUCT_NAME = "$(TARGET_NAME)";
				SDKROOT = iphoneos;
				SWIFT_VERSION = 5.0;
				TARGETED_DEVICE_FAMILY = "1,2";
				TEST_TARGET_NAME = iOS;
			};
			name = Debug;
		};
		F85B7D4A24A409260032407A /* Release */ = {
			isa = XCBuildConfiguration;
			buildSettings = {
				ALWAYS_EMBED_SWIFT_STANDARD_LIBRARIES = YES;
				CODE_SIGN_STYLE = Automatic;
				INFOPLIST_FILE = "Tests iOS/Info.plist";
				IPHONEOS_DEPLOYMENT_TARGET = 14.0;
				LD_RUNPATH_SEARCH_PATHS = (
					"$(inherited)",
					"@executable_path/Frameworks",
					"@loader_path/Frameworks",
				);
				PRODUCT_BUNDLE_IDENTIFIER = "at.phatbl.Tests-iOS";
				PRODUCT_NAME = "$(TARGET_NAME)";
				SDKROOT = iphoneos;
				SWIFT_VERSION = 5.0;
				TARGETED_DEVICE_FAMILY = "1,2";
				TEST_TARGET_NAME = iOS;
				VALIDATE_PRODUCT = YES;
			};
			name = Release;
		};
		F85B7D7924A40AF00032407A /* Debug */ = {
			isa = XCBuildConfiguration;
			buildSettings = {
				ASSETCATALOG_COMPILER_APPICON_NAME = AppIcon;
				ASSETCATALOG_COMPILER_GLOBAL_ACCENT_COLOR_NAME = AccentColor;
				CODE_SIGN_ENTITLEMENTS = AppClip/AppClip.entitlements;
				CODE_SIGN_STYLE = Automatic;
				DEVELOPMENT_ASSET_PATHS = "\"AppClip/Preview Content\"";
				ENABLE_PREVIEWS = YES;
				INFOPLIST_FILE = AppClip/Info.plist;
				IPHONEOS_DEPLOYMENT_TARGET = 14.0;
				LD_RUNPATH_SEARCH_PATHS = (
					"$(inherited)",
					"@executable_path/Frameworks",
				);
				PRODUCT_BUNDLE_IDENTIFIER = at.phatbl.AppClipExample.Clip;
				PRODUCT_NAME = "$(TARGET_NAME)";
				SDKROOT = iphoneos;
				SWIFT_VERSION = 5.0;
				TARGETED_DEVICE_FAMILY = "1,2";
			};
			name = Debug;
		};
		F85B7D7A24A40AF00032407A /* Release */ = {
			isa = XCBuildConfiguration;
			buildSettings = {
				ASSETCATALOG_COMPILER_APPICON_NAME = AppIcon;
				ASSETCATALOG_COMPILER_GLOBAL_ACCENT_COLOR_NAME = AccentColor;
				CODE_SIGN_ENTITLEMENTS = AppClip/AppClip.entitlements;
				CODE_SIGN_STYLE = Automatic;
				DEVELOPMENT_ASSET_PATHS = "\"AppClip/Preview Content\"";
				ENABLE_PREVIEWS = YES;
				INFOPLIST_FILE = AppClip/Info.plist;
				IPHONEOS_DEPLOYMENT_TARGET = 14.0;
				LD_RUNPATH_SEARCH_PATHS = (
					"$(inherited)",
					"@executable_path/Frameworks",
				);
				PRODUCT_BUNDLE_IDENTIFIER = at.phatbl.AppClipExample.Clip;
				PRODUCT_NAME = "$(TARGET_NAME)";
				SDKROOT = iphoneos;
				SWIFT_VERSION = 5.0;
				TARGETED_DEVICE_FAMILY = "1,2";
				VALIDATE_PRODUCT = YES;
			};
			name = Release;
		};
		F85B7D7D24A40AF00032407A /* Debug */ = {
			isa = XCBuildConfiguration;
			buildSettings = {
				ALWAYS_EMBED_SWIFT_STANDARD_LIBRARIES = YES;
				BUNDLE_LOADER = "$(TEST_HOST)";
				CODE_SIGN_STYLE = Automatic;
				INFOPLIST_FILE = AppClipTests/Info.plist;
				IPHONEOS_DEPLOYMENT_TARGET = 14.0;
				LD_RUNPATH_SEARCH_PATHS = (
					"$(inherited)",
					"@executable_path/Frameworks",
					"@loader_path/Frameworks",
				);
				PRODUCT_BUNDLE_IDENTIFIER = at.phatbl.AppClipExample.AppClipTests;
				PRODUCT_NAME = "$(TARGET_NAME)";
				SDKROOT = iphoneos;
				SWIFT_VERSION = 5.0;
				TARGETED_DEVICE_FAMILY = "1,2";
				TEST_HOST = "$(BUILT_PRODUCTS_DIR)/AppClip.app/AppClip";
			};
			name = Debug;
		};
		F85B7D7E24A40AF00032407A /* Release */ = {
			isa = XCBuildConfiguration;
			buildSettings = {
				ALWAYS_EMBED_SWIFT_STANDARD_LIBRARIES = YES;
				BUNDLE_LOADER = "$(TEST_HOST)";
				CODE_SIGN_STYLE = Automatic;
				INFOPLIST_FILE = AppClipTests/Info.plist;
				IPHONEOS_DEPLOYMENT_TARGET = 14.0;
				LD_RUNPATH_SEARCH_PATHS = (
					"$(inherited)",
					"@executable_path/Frameworks",
					"@loader_path/Frameworks",
				);
				PRODUCT_BUNDLE_IDENTIFIER = at.phatbl.AppClipExample.AppClipTests;
				PRODUCT_NAME = "$(TARGET_NAME)";
				SDKROOT = iphoneos;
				SWIFT_VERSION = 5.0;
				TARGETED_DEVICE_FAMILY = "1,2";
				TEST_HOST = "$(BUILT_PRODUCTS_DIR)/AppClip.app/AppClip";
				VALIDATE_PRODUCT = YES;
			};
			name = Release;
		};
		F85B7D8024A40AF00032407A /* Debug */ = {
			isa = XCBuildConfiguration;
			buildSettings = {
				ALWAYS_EMBED_SWIFT_STANDARD_LIBRARIES = YES;
				CODE_SIGN_STYLE = Automatic;
				INFOPLIST_FILE = AppClipUITests/Info.plist;
				IPHONEOS_DEPLOYMENT_TARGET = 14.0;
				LD_RUNPATH_SEARCH_PATHS = (
					"$(inherited)",
					"@executable_path/Frameworks",
					"@loader_path/Frameworks",
				);
				PRODUCT_BUNDLE_IDENTIFIER = at.phatbl.AppClipExample.AppClipUITests;
				PRODUCT_NAME = "$(TARGET_NAME)";
				SDKROOT = iphoneos;
				SWIFT_VERSION = 5.0;
				TARGETED_DEVICE_FAMILY = "1,2";
				TEST_TARGET_NAME = AppClip;
			};
			name = Debug;
		};
		F85B7D8124A40AF00032407A /* Release */ = {
			isa = XCBuildConfiguration;
			buildSettings = {
				ALWAYS_EMBED_SWIFT_STANDARD_LIBRARIES = YES;
				CODE_SIGN_STYLE = Automatic;
				INFOPLIST_FILE = AppClipUITests/Info.plist;
				IPHONEOS_DEPLOYMENT_TARGET = 14.0;
				LD_RUNPATH_SEARCH_PATHS = (
					"$(inherited)",
					"@executable_path/Frameworks",
					"@loader_path/Frameworks",
				);
				PRODUCT_BUNDLE_IDENTIFIER = at.phatbl.AppClipExample.AppClipUITests;
				PRODUCT_NAME = "$(TARGET_NAME)";
				SDKROOT = iphoneos;
				SWIFT_VERSION = 5.0;
				TARGETED_DEVICE_FAMILY = "1,2";
				TEST_TARGET_NAME = AppClip;
				VALIDATE_PRODUCT = YES;
			};
			name = Release;
		};
/* End XCBuildConfiguration section */

/* Begin XCConfigurationList section */
		F85B7D0F24A409250032407A /* Build configuration list for PBXProject "AppClipExample" */ = {
			isa = XCConfigurationList;
			buildConfigurations = (
				F85B7D4024A409260032407A /* Debug */,
				F85B7D4124A409260032407A /* Release */,
			);
			defaultConfigurationIsVisible = 0;
			defaultConfigurationName = Release;
		};
		F85B7D4224A409260032407A /* Build configuration list for PBXNativeTarget "iOS" */ = {
			isa = XCConfigurationList;
			buildConfigurations = (
				F85B7D4324A409260032407A /* Debug */,
				F85B7D4424A409260032407A /* Release */,
			);
			defaultConfigurationIsVisible = 0;
			defaultConfigurationName = Release;
		};
		F85B7D4824A409260032407A /* Build configuration list for PBXNativeTarget "Tests iOS" */ = {
			isa = XCConfigurationList;
			buildConfigurations = (
				F85B7D4924A409260032407A /* Debug */,
				F85B7D4A24A409260032407A /* Release */,
			);
			defaultConfigurationIsVisible = 0;
			defaultConfigurationName = Release;
		};
		F85B7D7824A40AF00032407A /* Build configuration list for PBXNativeTarget "AppClip" */ = {
			isa = XCConfigurationList;
			buildConfigurations = (
				F85B7D7924A40AF00032407A /* Debug */,
				F85B7D7A24A40AF00032407A /* Release */,
			);
			defaultConfigurationIsVisible = 0;
			defaultConfigurationName = Release;
		};
		F85B7D7C24A40AF00032407A /* Build configuration list for PBXNativeTarget "AppClipTests" */ = {
			isa = XCConfigurationList;
			buildConfigurations = (
				F85B7D7D24A40AF00032407A /* Debug */,
				F85B7D7E24A40AF00032407A /* Release */,
			);
			defaultConfigurationIsVisible = 0;
			defaultConfigurationName = Release;
		};
		F85B7D7F24A40AF00032407A /* Build configuration list for PBXNativeTarget "AppClipUITests" */ = {
			isa = XCConfigurationList;
			buildConfigurations = (
				F85B7D8024A40AF00032407A /* Debug */,
				F85B7D8124A40AF00032407A /* Release */,
			);
			defaultConfigurationIsVisible = 0;
			defaultConfigurationName = Release;
		};
/* End XCConfigurationList section */
	};
	rootObject = F85B7D0C24A409250032407A /* Project object */;
}
